dependencies:
- name: coredns
  repository: https://kubernetes-charts.storage.googleapis.com
  version: 1.2.5
- name: drone
  repository: https://kubernetes-charts.storage.googleapis.com
  version: 2.0.6
- name: gogs
  repository: https://kubernetes-charts-incubator.storage.googleapis.com/
  version: 0.7.10
- name: vault
  repository: https://kubernetes-charts-incubator.storage.googleapis.com/
  version: 0.18.14
digest: sha256:d5b188e3b64378d4530ea161d04aa7dc0240cd657a4b1e0b5064881f7255d6ad
generated: "2019-07-26T15:26:51.316403534Z"
