dependencies:
- name: drone
  repository: https://kubernetes-charts.storage.googleapis.com
  version: 2.0.6
- name: gogs
  repository: https://kubernetes-charts-incubator.storage.googleapis.com/
  version: 0.7.10
- name: vault
  repository: https://kubernetes-charts-incubator.storage.googleapis.com/
  version: 0.18.14
digest: sha256:230e63a1d98078a61bb05e12a690f5766df878b7dbcbecce05cd8f906e4edf59
generated: "2019-07-29T13:34:01.904833069Z"
